
Microsoft Visual Studio Solution File, Format Version 12.00
# Visual Studio Version 17
VisualStudioVersion = 17.8.34525.116
MinimumVisualStudioVersion = 10.0.40219.1
Project("{2150E333-8FDC-42A3-9474-1A3956D46DE8}") = "Sourse", "Sourse", "{6918CDBC-A0BE-4DC8-A3FA-4D888E436001}"
EndProject
Project("{2150E333-8FDC-42A3-9474-1A3956D46DE8}") = "Application", "Application", "{B5F53D18-0F47-4AC1-8B69-D9F255DA4190}"
EndProject
Project("{2150E333-8FDC-42A3-9474-1A3956D46DE8}") = "Domain", "Domain", "{5838E611-D5DF-42A2-AD4A-627F23498315}"
EndProject
Project("{2150E333-8FDC-42A3-9474-1A3956D46DE8}") = "Infrastructure", "Infrastructure", "{39310FA0-7060-4DD4-BAFE-E8E0559EBE5E}"
EndProject
Project("{2150E333-8FDC-42A3-9474-1A3956D46DE8}") = "Presentation", "Presentation", "{D734CCC3-3D55-406B-A114-6C9270B23556}"
EndProject
Project("{FAE04EC0-301F-11D3-BF4B-00C04F79EFBC}") = "API", "API\API.csproj", "{23E06D42-EF17-4847-9FCC-0BD43A1B1261}"
EndProject
Project("{FAE04EC0-301F-11D3-BF4B-00C04F79EFBC}") = "Domain", "Domain\Domain.csproj", "{977D8E60-190F-4EED-A450-DD17BCBBED74}"
EndProject
Project("{FAE04EC0-301F-11D3-BF4B-00C04F79EFBC}") = "Interface", "Interface\Interface.csproj", "{46BA1D19-6783-4D4C-8593-700BC9E43980}"
EndProject
Project("{FAE04EC0-301F-11D3-BF4B-00C04F79EFBC}") = "DTO", "DTO\DTO.csproj", "{430566F3-25E3-46B9-9346-865657C07622}"
EndProject
Project("{FAE04EC0-301F-11D3-BF4B-00C04F79EFBC}") = "ObectMapping", "ObectMapping\ObectMapping.csproj", "{C907F411-F6BF-480A-91FC-6CB5F512D777}"
EndProject
Project("{FAE04EC0-301F-11D3-BF4B-00C04F79EFBC}") = "Core", "Core\Core.csproj", "{EC0A60AA-1E5A-4DA1-9339-AA7B5C651100}"
EndProject
Project("{FAE04EC0-301F-11D3-BF4B-00C04F79EFBC}") = "Persistence", "Persistence\Persistence.csproj", "{854C2530-2215-4E14-83EC-5F4A9739B75F}"
EndProject
Global
	GlobalSection(SolutionConfigurationPlatforms) = preSolution
		Debug|Any CPU = Debug|Any CPU
		Release|Any CPU = Release|Any CPU
	EndGlobalSection
	GlobalSection(ProjectConfigurationPlatforms) = postSolution
		{23E06D42-EF17-4847-9FCC-0BD43A1B1261}.Debug|Any CPU.ActiveCfg = Debug|Any CPU
		{23E06D42-EF17-4847-9FCC-0BD43A1B1261}.Debug|Any CPU.Build.0 = Debug|Any CPU
		{23E06D42-EF17-4847-9FCC-0BD43A1B1261}.Release|Any CPU.ActiveCfg = Release|Any CPU
		{23E06D42-EF17-4847-9FCC-0BD43A1B1261}.Release|Any CPU.Build.0 = Release|Any CPU
		{977D8E60-190F-4EED-A450-DD17BCBBED74}.Debug|Any CPU.ActiveCfg = Debug|Any CPU
		{977D8E60-190F-4EED-A450-DD17BCBBED74}.Debug|Any CPU.Build.0 = Debug|Any CPU
		{977D8E60-190F-4EED-A450-DD17BCBBED74}.Release|Any CPU.ActiveCfg = Release|Any CPU
		{977D8E60-190F-4EED-A450-DD17BCBBED74}.Release|Any CPU.Build.0 = Release|Any CPU
		{46BA1D19-6783-4D4C-8593-700BC9E43980}.Debug|Any CPU.ActiveCfg = Debug|Any CPU
		{46BA1D19-6783-4D4C-8593-700BC9E43980}.Debug|Any CPU.Build.0 = Debug|Any CPU
		{46BA1D19-6783-4D4C-8593-700BC9E43980}.Release|Any CPU.ActiveCfg = Release|Any CPU
		{46BA1D19-6783-4D4C-8593-700BC9E43980}.Release|Any CPU.Build.0 = Release|Any CPU
		{430566F3-25E3-46B9-9346-865657C07622}.Debug|Any CPU.ActiveCfg = Debug|Any CPU
		{430566F3-25E3-46B9-9346-865657C07622}.Debug|Any CPU.Build.0 = Debug|Any CPU
		{430566F3-25E3-46B9-9346-865657C07622}.Release|Any CPU.ActiveCfg = Release|Any CPU
		{430566F3-25E3-46B9-9346-865657C07622}.Release|Any CPU.Build.0 = Release|Any CPU
		{C907F411-F6BF-480A-91FC-6CB5F512D777}.Debug|Any CPU.ActiveCfg = Debug|Any CPU
		{C907F411-F6BF-480A-91FC-6CB5F512D777}.Debug|Any CPU.Build.0 = Debug|Any CPU
		{C907F411-F6BF-480A-91FC-6CB5F512D777}.Release|Any CPU.ActiveCfg = Release|Any CPU
		{C907F411-F6BF-480A-91FC-6CB5F512D777}.Release|Any CPU.Build.0 = Release|Any CPU
		{EC0A60AA-1E5A-4DA1-9339-AA7B5C651100}.Debug|Any CPU.ActiveCfg = Debug|Any CPU
		{EC0A60AA-1E5A-4DA1-9339-AA7B5C651100}.Debug|Any CPU.Build.0 = Debug|Any CPU
		{EC0A60AA-1E5A-4DA1-9339-AA7B5C651100}.Release|Any CPU.ActiveCfg = Release|Any CPU
		{EC0A60AA-1E5A-4DA1-9339-AA7B5C651100}.Release|Any CPU.Build.0 = Release|Any CPU
		{854C2530-2215-4E14-83EC-5F4A9739B75F}.Debug|Any CPU.ActiveCfg = Debug|Any CPU
		{854C2530-2215-4E14-83EC-5F4A9739B75F}.Debug|Any CPU.Build.0 = Debug|Any CPU
		{854C2530-2215-4E14-83EC-5F4A9739B75F}.Release|Any CPU.ActiveCfg = Release|Any CPU
		{854C2530-2215-4E14-83EC-5F4A9739B75F}.Release|Any CPU.Build.0 = Release|Any CPU
	EndGlobalSection
	GlobalSection(SolutionProperties) = preSolution
		HideSolutionNode = FALSE
	EndGlobalSection
	GlobalSection(NestedProjects) = preSolution
		{B5F53D18-0F47-4AC1-8B69-D9F255DA4190} = {6918CDBC-A0BE-4DC8-A3FA-4D888E436001}
		{5838E611-D5DF-42A2-AD4A-627F23498315} = {6918CDBC-A0BE-4DC8-A3FA-4D888E436001}
		{39310FA0-7060-4DD4-BAFE-E8E0559EBE5E} = {6918CDBC-A0BE-4DC8-A3FA-4D888E436001}
		{D734CCC3-3D55-406B-A114-6C9270B23556} = {6918CDBC-A0BE-4DC8-A3FA-4D888E436001}
		{23E06D42-EF17-4847-9FCC-0BD43A1B1261} = {D734CCC3-3D55-406B-A114-6C9270B23556}
		{977D8E60-190F-4EED-A450-DD17BCBBED74} = {5838E611-D5DF-42A2-AD4A-627F23498315}
		{46BA1D19-6783-4D4C-8593-700BC9E43980} = {B5F53D18-0F47-4AC1-8B69-D9F255DA4190}
		{430566F3-25E3-46B9-9346-865657C07622} = {B5F53D18-0F47-4AC1-8B69-D9F255DA4190}
		{C907F411-F6BF-480A-91FC-6CB5F512D777} = {B5F53D18-0F47-4AC1-8B69-D9F255DA4190}
		{EC0A60AA-1E5A-4DA1-9339-AA7B5C651100} = {B5F53D18-0F47-4AC1-8B69-D9F255DA4190}
		{854C2530-2215-4E14-83EC-5F4A9739B75F} = {39310FA0-7060-4DD4-BAFE-E8E0559EBE5E}
	EndGlobalSection
	GlobalSection(ExtensibilityGlobals) = postSolution
		SolutionGuid = {3ABBBC88-C9F1-4754-9160-3289CA12F204}
	EndGlobalSection
EndGlobal
